name: Dependency lock

on:
  push:
    branches: ["**"]
    paths:
      - "pyproject.toml"
      - "uv.lock"
      - ".github/workflows/dependency-lock.yml"
  pull_request:
    paths:
      - "pyproject.toml"
      - "uv.lock"
      - ".github/workflows/dependency-lock.yml"

permissions:
  contents: read

concurrency:
  group: dependency-lock-${{ github.ref }}
  cancel-in-progress: true

jobs:
  frozen-lock:
    runs-on: ubuntu-latest
    timeout-minutes: 10
    steps:
      - uses: actions/checkout@v4
      - uses: actions/setup-python@v5
        with:
          python-version: "3.12"
      - name: Install pinned uv
        run: python -m pip install "uv==0.12.11"
      - name: Verify committed lock is current
        id: verify
        shell: bash
        run: |
          mkdir -p build
          if uv lock --check; then
            printf '%s\n' '{"schema":"dependency-lock-v1","passed":true,"uv":"0.12.11"}' > build/dependency-lock.json
            exit 0
          fi
          status=$?
          uv lock
          cp uv.lock build/generated-uv.lock
          printf '%s\n' '{"schema":"dependency-lock-v1","passed":false,"uv":"0.12.11","reason":"committed lock missing or stale; generated lock attached for review"}' > build/dependency-lock.json
          exit "$status"
      - uses: actions/upload-artifact@v4
        if: always()
        with:
          name: dependency-lock
          path: |
            build/dependency-lock.json
            build/generated-uv.lock
          if-no-files-found: warn
